
Microsoft Visual Studio Solution File, Format Version 12.00
Project("{FAE04EC0-301F-11D3-BF4B-00C04F79EFBC}") = "OurChat", "OurChat\OurChat.csproj", "{2239C2DB-8AE9-49E0-BE8A-91F146BFD48B}"
EndProject
Global
	GlobalSection(SolutionConfigurationPlatforms) = preSolution
		Debug|Any CPU = Debug|Any CPU
		Release|Any CPU = Release|Any CPU
	EndGlobalSection
	GlobalSection(ProjectConfigurationPlatforms) = postSolution
		{2239C2DB-8AE9-49E0-BE8A-91F146BFD48B}.Debug|Any CPU.ActiveCfg = Debug|Any CPU
		{2239C2DB-8AE9-49E0-BE8A-91F146BFD48B}.Debug|Any CPU.Build.0 = Debug|Any CPU
		{2239C2DB-8AE9-49E0-BE8A-91F146BFD48B}.Release|Any CPU.ActiveCfg = Release|Any CPU
		{2239C2DB-8AE9-49E0-BE8A-91F146BFD48B}.Release|Any CPU.Build.0 = Release|Any CPU
	EndGlobalSection
EndGlobal
